hash: 11391cb9781837dfa3e431125edab9bf124ad0d10a778b0006fe0975f9ea7a39
updated: 2017-12-13T17:01:53.500932+08:00
imports:
- name: github.com/garyburd/redigo
  version: 47dc60e71eed504e3ef8e77ee3c6fe720f3be57f
  subpackages:
  - internal
  - redis
testImports:
- name: github.com/goware/disque
  version: 6edc6e9601e520530461abc04bf9d3b9ecd6b0ab
